{
    "_readme": [
        "This file locks the dependencies of your project to a known state",
        "Read more about it at https://getcomposer.org/doc/01-basic-usage.md#installing-dependencies",
        "This file is @generated automatically"
    ],
    "content-hash": "2e4f29479e085880bd9f41eaca73e584",
    "packages": [
        {
            "name": "nyholm/psr7",
            "version": "1.2.1",
            "source": {
                "type": "git",
                "url": "https://github.com/Nyholm/psr7.git",
                "reference": "55ff6b76573f5b242554c9775792bd59fb52e11c"
            },
            "dist": {
                "type": "zip",
                "url": "https://api.github.com/repos/Nyholm/psr7/zipball/55ff6b76573f5b242554c9775792bd59fb52e11c",
                "reference": "55ff6b76573f5b242554c9775792bd59fb52e11c",
                "shasum": ""
            },
            "require": {
                "php": "^7.1",
                "php-http/message-factory": "^1.0",
                "psr/http-factory": "^1.0",
                "psr/http-message": "^1.0"
            },
            "provide": {
                "psr/http-factory-implementation": "1.0",
                "psr/http-message-implementation": "1.0"
            },
            "require-dev": {
                "http-interop/http-factory-tests": "dev-master",
                "php-http/psr7-integration-tests": "dev-master",
                "phpunit/phpunit": "^7.5"
            },
            "type": "library",
            "extra": {
                "branch-alias": {
                    "dev-master": "1.0-dev"
                }
            },
            "autoload": {
                "psr-4": {
                    "Nyholm\\Psr7\\": "src/"
                }
            },
            "notification-url": "https://packagist.org/downloads/",
            "license": [
                "MIT"
            ],
            "authors": [
                {
                    "name": "Tobias Nyholm",
                    "email": "tobias.nyholm@gmail.com"
                },
                {
                    "name": "Martijn van der Ven",
                    "email": "martijn@vanderven.se"
                }
            ],
            "description": "A fast PHP7 implementation of PSR-7",
            "homepage": "http://tnyholm.se",
            "keywords": [
                "psr-17",
                "psr-7"
            ],
            "time": "2019-09-05T13:24:16+00:00"
        },
        {
            "name": "php-http/message-factory",
            "version": "v1.0.2",
            "source": {
                "type": "git",
                "url": "https://github.com/php-http/message-factory.git",
                "reference": "a478cb11f66a6ac48d8954216cfed9aa06a501a1"
            },
            "dist": {
                "type": "zip",
                "url": "https://api.github.com/repos/php-http/message-factory/zipball/a478cb11f66a6ac48d8954216cfed9aa06a501a1",
                "reference": "a478cb11f66a6ac48d8954216cfed9aa06a501a1",
                "shasum": ""
            },
            "require": {
                "php": ">=5.4",
                "psr/http-message": "^1.0"
            },
            "type": "library",
            "extra": {
                "branch-alias": {
                    "dev-master": "1.0-dev"
                }
            },
            "autoload": {
                "psr-4": {
                    "Http\\Message\\": "src/"
                }
            },
            "notification-url": "https://packagist.org/downloads/",
            "license": [
                "MIT"
            ],
            "authors": [
                {
                    "name": "Márk Sági-Kazár",
                    "email": "mark.sagikazar@gmail.com"
                }
            ],
            "description": "Factory interfaces for PSR-7 HTTP Message",
            "homepage": "http://php-http.org",
            "keywords": [
                "factory",
                "http",
                "message",
                "stream",
                "uri"
            ],
            "time": "2015-12-19T14:08:53+00:00"
        },
        {
            "name": "psr/container",
            "version": "1.0.0",
            "source": {
                "type": "git",
                "url": "https://github.com/php-fig/container.git",
                "reference": "b7ce3b176482dbbc1245ebf52b181af44c2cf55f"
            },
            "dist": {
                "type": "zip",
                "url": "https://api.github.com/repos/php-fig/container/zipball/b7ce3b176482dbbc1245ebf52b181af44c2cf55f",
                "reference": "b7ce3b176482dbbc1245ebf52b181af44c2cf55f",
                "shasum": ""
            },
            "require": {
                "php": ">=5.3.0"
            },
            "type": "library",
            "extra": {
                "branch-alias": {
                    "dev-master": "1.0.x-dev"
                }
            },
            "autoload": {
                "psr-4": {
                    "Psr\\Container\\": "src/"
                }
            },
            "notification-url": "https://packagist.org/downloads/",
            "license": [
                "MIT"
            ],
            "authors": [
                {
                    "name": "PHP-FIG",
                    "homepage": "http://www.php-fig.org/"
                }
            ],
            "description": "Common Container Interface (PHP FIG PSR-11)",
            "homepage": "https://github.com/php-fig/container",
            "keywords": [
                "PSR-11",
                "container",
                "container-interface",
                "container-interop",
                "psr"
            ],
            "time": "2017-02-14T16:28:37+00:00"
        },
        {
            "name": "psr/http-factory",
            "version": "1.0.1",
            "source": {
                "type": "git",
                "url": "https://github.com/php-fig/http-factory.git",
                "reference": "12ac7fcd07e5b077433f5f2bee95b3a771bf61be"
            },
            "dist": {
                "type": "zip",
                "url": "https://api.github.com/repos/php-fig/http-factory/zipball/12ac7fcd07e5b077433f5f2bee95b3a771bf61be",
                "reference": "12ac7fcd07e5b077433f5f2bee95b3a771bf61be",
                "shasum": ""
            },
            "require": {
                "php": ">=7.0.0",
                "psr/http-message": "^1.0"
            },
            "type": "library",
            "extra": {
                "branch-alias": {
                    "dev-master": "1.0.x-dev"
                }
            },
            "autoload": {
                "psr-4": {
                    "Psr\\Http\\Message\\": "src/"
                }
            },
            "notification-url": "https://packagist.org/downloads/",
            "license": [
                "MIT"
            ],
            "authors": [
                {
                    "name": "PHP-FIG",
                    "homepage": "http://www.php-fig.org/"
                }
            ],
            "description": "Common interfaces for PSR-7 HTTP message factories",
            "keywords": [
                "factory",
                "http",
                "message",
                "psr",
                "psr-17",
                "psr-7",
                "request",
                "response"
            ],
            "time": "2019-04-30T12:38:16+00:00"
        },
        {
            "name": "psr/http-message",
            "version": "1.0.1",
            "source": {
                "type": "git",
                "url": "https://github.com/php-fig/http-message.git",
                "reference": "f6561bf28d520154e4b0ec72be95418abe6d9363"
            },
            "dist": {
                "type": "zip",
                "url": "https://api.github.com/repos/php-fig/http-message/zipball/f6561bf28d520154e4b0ec72be95418abe6d9363",
                "reference": "f6561bf28d520154e4b0ec72be95418abe6d9363",
                "shasum": ""
            },
            "require": {
                "php": ">=5.3.0"
            },
            "type": "library",
            "extra": {
                "branch-alias": {
                    "dev-master": "1.0.x-dev"
                }
            },
            "autoload": {
                "psr-4": {
                    "Psr\\Http\\Message\\": "src/"
                }
            },
            "notification-url": "https://packagist.org/downloads/",
            "license": [
                "MIT"
            ],
            "authors": [
                {
                    "name": "PHP-FIG",
                    "homepage": "http://www.php-fig.org/"
                }
            ],
            "description": "Common interface for HTTP messages",
            "homepage": "https://github.com/php-fig/http-message",
            "keywords": [
                "http",
                "http-message",
                "psr",
                "psr-7",
                "request",
                "response"
            ],
            "time": "2016-08-06T14:39:51+00:00"
        },
        {
            "name": "symfony/dependency-injection",
            "version": "v5.0.4",
            "source": {
                "type": "git",
                "url": "https://github.com/symfony/dependency-injection.git",
                "reference": "86338f459313525dd95f5a012f8a9ea118002f94"
            },
            "dist": {
                "type": "zip",
                "url": "https://api.github.com/repos/symfony/dependency-injection/zipball/86338f459313525dd95f5a012f8a9ea118002f94",
                "reference": "86338f459313525dd95f5a012f8a9ea118002f94",
                "shasum": ""
            },
            "require": {
                "php": "^7.2.5",
                "psr/container": "^1.0",
                "symfony/service-contracts": "^1.1.6|^2"
            },
            "conflict": {
                "symfony/config": "<5.0",
                "symfony/finder": "<4.4",
                "symfony/proxy-manager-bridge": "<4.4",
                "symfony/yaml": "<4.4"
            },
            "provide": {
                "psr/container-implementation": "1.0",
                "symfony/service-implementation": "1.0"
            },
            "require-dev": {
                "symfony/config": "^5.0",
                "symfony/expression-language": "^4.4|^5.0",
                "symfony/yaml": "^4.4|^5.0"
            },
            "suggest": {
                "symfony/config": "",
                "symfony/expression-language": "For using expressions in service container configuration",
                "symfony/finder": "For using double-star glob patterns or when GLOB_BRACE portability is required",
                "symfony/proxy-manager-bridge": "Generate service proxies to lazy load them",
                "symfony/yaml": ""
            },
            "type": "library",
            "extra": {
                "branch-alias": {
                    "dev-master": "5.0-dev"
                }
            },
            "autoload": {
                "psr-4": {
                    "Symfony\\Component\\DependencyInjection\\": ""
                },
                "exclude-from-classmap": [
                    "/Tests/"
                ]
            },
            "notification-url": "https://packagist.org/downloads/",
            "license": [
                "MIT"
            ],
            "authors": [
                {
                    "name": "Fabien Potencier",
                    "email": "fabien@symfony.com"
                },
                {
                    "name": "Symfony Community",
                    "homepage": "https://symfony.com/contributors"
                }
            ],
            "description": "Symfony DependencyInjection Component",
            "homepage": "https://symfony.com",
            "time": "2020-01-31T09:49:43+00:00"
        },
        {
            "name": "symfony/service-contracts",
            "version": "v2.0.1",
            "source": {
                "type": "git",
                "url": "https://github.com/symfony/service-contracts.git",
                "reference": "144c5e51266b281231e947b51223ba14acf1a749"
            },
            "dist": {
                "type": "zip",
                "url": "https://api.github.com/repos/symfony/service-contracts/zipball/144c5e51266b281231e947b51223ba14acf1a749",
                "reference": "144c5e51266b281231e947b51223ba14acf1a749",
                "shasum": ""
            },
            "require": {
                "php": "^7.2.5",
                "psr/container": "^1.0"
            },
            "suggest": {
                "symfony/service-implementation": ""
            },
            "type": "library",
            "extra": {
                "branch-alias": {
                    "dev-master": "2.0-dev"
                }
            },
            "autoload": {
                "psr-4": {
                    "Symfony\\Contracts\\Service\\": ""
                }
            },
            "notification-url": "https://packagist.org/downloads/",
            "license": [
                "MIT"
            ],
            "authors": [
                {
                    "name": "Nicolas Grekas",
                    "email": "p@tchwork.com"
                },
                {
                    "name": "Symfony Community",
                    "homepage": "https://symfony.com/contributors"
                }
            ],
            "description": "Generic abstractions related to writing services",
            "homepage": "https://symfony.com",
            "keywords": [
                "abstractions",
                "contracts",
                "decoupling",
                "interfaces",
                "interoperability",
                "standards"
            ],
            "time": "2019-11-18T17:27:11+00:00"
        }
    ],
    "packages-dev": [],
    "aliases": [],
    "minimum-stability": "stable",
    "stability-flags": [],
    "prefer-stable": false,
    "prefer-lowest": false,
    "platform": {
        "ext-mbstring": "^7.2",
        "ext-json": "^1.6"
    },
    "platform-dev": []
}
